
Microsoft Visual Studio Solution File, Format Version 12.00
# Visual Studio 15
VisualStudioVersion = 15.0.28307.106
MinimumVisualStudioVersion = 10.0.40219.1
Project("{2150E333-8FDC-42A3-9474-1A3956D46DE8}") = "vm", "vm", "{DF3F54B7-4156-4EEF-AEA0-5A47088F2BF3}"
EndProject
Project("{9A19103F-16F7-4668-BE54-9A1E7A4F7556}") = "bhp-vm", "bhp-vm\src\bhp-vm\bhp-vm.csproj", "{DDA183CA-FFCA-4F6E-8C05-59ABEEA1A6C7}"
EndProject
Project("{9A19103F-16F7-4668-BE54-9A1E7A4F7556}") = "bhp-vm.UnitTests", "bhp-vm\src\bhp-vm.UnitTests\bhp-vm.UnitTests.csproj", "{A1C86F4B-8C2D-46C4-A8F2-67E9BE51B427}"
EndProject
Project("{2150E333-8FDC-42A3-9474-1A3956D46DE8}") = "bhp", "bhp", "{96980ABB-DEA6-4862-88E1-179CD40FEE26}"
EndProject
Project("{9A19103F-16F7-4668-BE54-9A1E7A4F7556}") = "bhp", "bhp\bhp\bhp.csproj", "{96896ECF-6A05-42DC-9256-196BB9063535}"
EndProject
Project("{9A19103F-16F7-4668-BE54-9A1E7A4F7556}") = "bhp.UnitTests", "bhp\bhp.UnitTests\bhp.UnitTests.csproj", "{F977EC30-A6AA-4B54-A351-CA360B3429E8}"
EndProject
Project("{2150E333-8FDC-42A3-9474-1A3956D46DE8}") = "compiler", "compiler", "{30849FD3-5496-4759-B56E-0BD01EC627F3}"
EndProject
Project("{9A19103F-16F7-4668-BE54-9A1E7A4F7556}") = "bhpa", "bhp-compiler\bhpa\bhpa.csproj", "{AAA4C8CF-F984-4F0C-816E-59BB7F758B8C}"
EndProject
Project("{9A19103F-16F7-4668-BE54-9A1E7A4F7556}") = "bhpj", "bhp-compiler\bhpj\bhpj.csproj", "{70D795DF-3D2D-4134-8007-97F2EBEB1D3E}"
EndProject
Project("{9A19103F-16F7-4668-BE54-9A1E7A4F7556}") = "bhpn", "bhp-compiler\bhpn\bhpn.csproj", "{A24422C5-D6DB-4E67-91EF-2BCCFE4A8257}"
EndProject
Project("{2150E333-8FDC-42A3-9474-1A3956D46DE8}") = "smartcontract", "smartcontract", "{5B59CA0A-20FE-4E15-A590-3492C4F1C8FE}"
EndProject
Project("{FAE04EC0-301F-11D3-BF4B-00C04F79EFBC}") = "Bhp.ConvertTask", "bhp-devpack-dotnet\Bhp.ConvertTask\Bhp.ConvertTask.csproj", "{97BB33F7-5F22-41BB-8BD6-F0CB884A1E6C}"
EndProject
Project("{9A19103F-16F7-4668-BE54-9A1E7A4F7556}") = "Bhp.SmartContract.Framework", "bhp-devpack-dotnet\Bhp.SmartContract.Framework\Bhp.SmartContract.Framework.csproj", "{AA4EF6D2-ADCC-470E-BA17-8CC69241FF2F}"
EndProject
Project("{FAE04EC0-301F-11D3-BF4B-00C04F79EFBC}") = "Installer", "bhp-devpack-dotnet\Installer\Installer.csproj", "{EDE374C3-2600-460C-B852-8AA3956988BB}"
EndProject
Project("{FAE04EC0-301F-11D3-BF4B-00C04F79EFBC}") = "Template.CSharp", "bhp-devpack-dotnet\Template.CSharp\Template.CSharp.csproj", "{6F0591A9-B218-49BB-B666-CE6D1FA8F990}"
EndProject
Project("{2150E333-8FDC-42A3-9474-1A3956D46DE8}") = "plugins", "plugins", "{16C5D4EA-6ACE-4C61-96E0-8325B6C19FC6}"
EndProject
Project("{9A19103F-16F7-4668-BE54-9A1E7A4F7556}") = "ApplicationLogs", "bhp-plugins\ApplicationLogs\ApplicationLogs.csproj", "{BCEA331B-7E27-4FAA-8312-A5093F83BABD}"
EndProject
Project("{9A19103F-16F7-4668-BE54-9A1E7A4F7556}") = "ImportBlocks", "bhp-plugins\ImportBlocks\ImportBlocks.csproj", "{1D55CA8B-8118-4AB7-8E4A-801294E6A07E}"
EndProject
Project("{9A19103F-16F7-4668-BE54-9A1E7A4F7556}") = "RpcSecurity", "bhp-plugins\RpcSecurity\RpcSecurity.csproj", "{10EC8C11-59A6-489E-838E-36D44F4C8DA1}"
EndProject
Project("{9A19103F-16F7-4668-BE54-9A1E7A4F7556}") = "SimplePolicy", "bhp-plugins\SimplePolicy\SimplePolicy.csproj", "{AFBB7B08-3634-406D-B751-33A3CE4BCBA8}"
EndProject
Project("{9A19103F-16F7-4668-BE54-9A1E7A4F7556}") = "SimplePolicy.UnitTests", "bhp-plugins\SimplePolicy.UnitTests\SimplePolicy.UnitTests.csproj", "{CD482215-C664-469D-893A-2A962A599F51}"
EndProject
Project("{9A19103F-16F7-4668-BE54-9A1E7A4F7556}") = "StatesDumper", "bhp-plugins\StatesDumper\StatesDumper.csproj", "{D9D70AE6-414F-429C-8E86-F1997A5EEE7F}"
EndProject
Project("{9A19103F-16F7-4668-BE54-9A1E7A4F7556}") = "bhp-cli", "bhp-cli\bhp-cli.csproj", "{D4D2588A-44A0-4F56-A65A-FBC62EA6C1A7}"
EndProject
Project("{9A19103F-16F7-4668-BE54-9A1E7A4F7556}") = "ConsoleLogger", "bhp-plugins\ConsoleLogger\ConsoleLogger.csproj", "{65842B99-81D8-4240-895E-EDA92457A1F4}"
EndProject
Project("{FAE04EC0-301F-11D3-BF4B-00C04F79EFBC}") = "bhp-gui", "bhp-gui\bhp-gui.csproj", "{CFC243F0-F4E3-4754-8E21-8BA17E1C1788}"
EndProject
Project("{2150E333-8FDC-42A3-9474-1A3956D46DE8}") = "smartcontractapp", "smartcontractapp", "{71A72118-71CA-4F27-BB8F-794D05172255}"
EndProject
Project("{FAE04EC0-301F-11D3-BF4B-00C04F79EFBC}") = "LockContract", "SmartContractApp\LockContract\LockContract.csproj", "{51D32A88-B8C1-4ED0-A3B5-6EC867598861}"
EndProject
Project("{FAE04EC0-301F-11D3-BF4B-00C04F79EFBC}") = "LockUTXOContract", "SmartContractApp\LockUTXOContract\LockUTXOContract.csproj", "{6322116A-6232-4AD3-BBAA-9F9144A01CF4}"
EndProject
Global
	GlobalSection(SolutionConfigurationPlatforms) = preSolution
		Debug|Any CPU = Debug|Any CPU
		Release|Any CPU = Release|Any CPU
	EndGlobalSection
	GlobalSection(ProjectConfigurationPlatforms) = postSolution
		{DDA183CA-FFCA-4F6E-8C05-59ABEEA1A6C7}.Debug|Any CPU.ActiveCfg = Debug|Any CPU
		{DDA183CA-FFCA-4F6E-8C05-59ABEEA1A6C7}.Debug|Any CPU.Build.0 = Debug|Any CPU
		{DDA183CA-FFCA-4F6E-8C05-59ABEEA1A6C7}.Release|Any CPU.ActiveCfg = Release|Any CPU
		{DDA183CA-FFCA-4F6E-8C05-59ABEEA1A6C7}.Release|Any CPU.Build.0 = Release|Any CPU
		{A1C86F4B-8C2D-46C4-A8F2-67E9BE51B427}.Debug|Any CPU.ActiveCfg = Debug|Any CPU
		{A1C86F4B-8C2D-46C4-A8F2-67E9BE51B427}.Debug|Any CPU.Build.0 = Debug|Any CPU
		{A1C86F4B-8C2D-46C4-A8F2-67E9BE51B427}.Release|Any CPU.ActiveCfg = Release|Any CPU
		{A1C86F4B-8C2D-46C4-A8F2-67E9BE51B427}.Release|Any CPU.Build.0 = Release|Any CPU
		{96896ECF-6A05-42DC-9256-196BB9063535}.Debug|Any CPU.ActiveCfg = Debug|Any CPU
		{96896ECF-6A05-42DC-9256-196BB9063535}.Debug|Any CPU.Build.0 = Debug|Any CPU
		{96896ECF-6A05-42DC-9256-196BB9063535}.Release|Any CPU.ActiveCfg = Release|Any CPU
		{96896ECF-6A05-42DC-9256-196BB9063535}.Release|Any CPU.Build.0 = Release|Any CPU
		{F977EC30-A6AA-4B54-A351-CA360B3429E8}.Debug|Any CPU.ActiveCfg = Debug|Any CPU
		{F977EC30-A6AA-4B54-A351-CA360B3429E8}.Debug|Any CPU.Build.0 = Debug|Any CPU
		{F977EC30-A6AA-4B54-A351-CA360B3429E8}.Release|Any CPU.ActiveCfg = Release|Any CPU
		{F977EC30-A6AA-4B54-A351-CA360B3429E8}.Release|Any CPU.Build.0 = Release|Any CPU
		{AAA4C8CF-F984-4F0C-816E-59BB7F758B8C}.Debug|Any CPU.ActiveCfg = Debug|Any CPU
		{AAA4C8CF-F984-4F0C-816E-59BB7F758B8C}.Debug|Any CPU.Build.0 = Debug|Any CPU
		{AAA4C8CF-F984-4F0C-816E-59BB7F758B8C}.Release|Any CPU.ActiveCfg = Release|Any CPU
		{AAA4C8CF-F984-4F0C-816E-59BB7F758B8C}.Release|Any CPU.Build.0 = Release|Any CPU
		{70D795DF-3D2D-4134-8007-97F2EBEB1D3E}.Debug|Any CPU.ActiveCfg = Debug|Any CPU
		{70D795DF-3D2D-4134-8007-97F2EBEB1D3E}.Debug|Any CPU.Build.0 = Debug|Any CPU
		{70D795DF-3D2D-4134-8007-97F2EBEB1D3E}.Release|Any CPU.ActiveCfg = Release|Any CPU
		{70D795DF-3D2D-4134-8007-97F2EBEB1D3E}.Release|Any CPU.Build.0 = Release|Any CPU
		{A24422C5-D6DB-4E67-91EF-2BCCFE4A8257}.Debug|Any CPU.ActiveCfg = Debug|Any CPU
		{A24422C5-D6DB-4E67-91EF-2BCCFE4A8257}.Debug|Any CPU.Build.0 = Debug|Any CPU
		{A24422C5-D6DB-4E67-91EF-2BCCFE4A8257}.Release|Any CPU.ActiveCfg = Release|Any CPU
		{A24422C5-D6DB-4E67-91EF-2BCCFE4A8257}.Release|Any CPU.Build.0 = Release|Any CPU
		{97BB33F7-5F22-41BB-8BD6-F0CB884A1E6C}.Debug|Any CPU.ActiveCfg = Debug|Any CPU
		{97BB33F7-5F22-41BB-8BD6-F0CB884A1E6C}.Debug|Any CPU.Build.0 = Debug|Any CPU
		{97BB33F7-5F22-41BB-8BD6-F0CB884A1E6C}.Release|Any CPU.ActiveCfg = Release|Any CPU
		{97BB33F7-5F22-41BB-8BD6-F0CB884A1E6C}.Release|Any CPU.Build.0 = Release|Any CPU
		{AA4EF6D2-ADCC-470E-BA17-8CC69241FF2F}.Debug|Any CPU.ActiveCfg = Debug|Any CPU
		{AA4EF6D2-ADCC-470E-BA17-8CC69241FF2F}.Debug|Any CPU.Build.0 = Debug|Any CPU
		{AA4EF6D2-ADCC-470E-BA17-8CC69241FF2F}.Release|Any CPU.ActiveCfg = Release|Any CPU
		{AA4EF6D2-ADCC-470E-BA17-8CC69241FF2F}.Release|Any CPU.Build.0 = Release|Any CPU
		{EDE374C3-2600-460C-B852-8AA3956988BB}.Debug|Any CPU.ActiveCfg = Debug|Any CPU
		{EDE374C3-2600-460C-B852-8AA3956988BB}.Debug|Any CPU.Build.0 = Debug|Any CPU
		{EDE374C3-2600-460C-B852-8AA3956988BB}.Release|Any CPU.ActiveCfg = Release|Any CPU
		{EDE374C3-2600-460C-B852-8AA3956988BB}.Release|Any CPU.Build.0 = Release|Any CPU
		{6F0591A9-B218-49BB-B666-CE6D1FA8F990}.Debug|Any CPU.ActiveCfg = Debug|Any CPU
		{6F0591A9-B218-49BB-B666-CE6D1FA8F990}.Debug|Any CPU.Build.0 = Debug|Any CPU
		{6F0591A9-B218-49BB-B666-CE6D1FA8F990}.Release|Any CPU.ActiveCfg = Release|Any CPU
		{6F0591A9-B218-49BB-B666-CE6D1FA8F990}.Release|Any CPU.Build.0 = Release|Any CPU
		{BCEA331B-7E27-4FAA-8312-A5093F83BABD}.Debug|Any CPU.ActiveCfg = Debug|Any CPU
		{BCEA331B-7E27-4FAA-8312-A5093F83BABD}.Debug|Any CPU.Build.0 = Debug|Any CPU
		{BCEA331B-7E27-4FAA-8312-A5093F83BABD}.Release|Any CPU.ActiveCfg = Release|Any CPU
		{BCEA331B-7E27-4FAA-8312-A5093F83BABD}.Release|Any CPU.Build.0 = Release|Any CPU
		{1D55CA8B-8118-4AB7-8E4A-801294E6A07E}.Debug|Any CPU.ActiveCfg = Debug|Any CPU
		{1D55CA8B-8118-4AB7-8E4A-801294E6A07E}.Debug|Any CPU.Build.0 = Debug|Any CPU
		{1D55CA8B-8118-4AB7-8E4A-801294E6A07E}.Release|Any CPU.ActiveCfg = Release|Any CPU
		{1D55CA8B-8118-4AB7-8E4A-801294E6A07E}.Release|Any CPU.Build.0 = Release|Any CPU
		{10EC8C11-59A6-489E-838E-36D44F4C8DA1}.Debug|Any CPU.ActiveCfg = Debug|Any CPU
		{10EC8C11-59A6-489E-838E-36D44F4C8DA1}.Debug|Any CPU.Build.0 = Debug|Any CPU
		{10EC8C11-59A6-489E-838E-36D44F4C8DA1}.Release|Any CPU.ActiveCfg = Release|Any CPU
		{10EC8C11-59A6-489E-838E-36D44F4C8DA1}.Release|Any CPU.Build.0 = Release|Any CPU
		{AFBB7B08-3634-406D-B751-33A3CE4BCBA8}.Debug|Any CPU.ActiveCfg = Debug|Any CPU
		{AFBB7B08-3634-406D-B751-33A3CE4BCBA8}.Debug|Any CPU.Build.0 = Debug|Any CPU
		{AFBB7B08-3634-406D-B751-33A3CE4BCBA8}.Release|Any CPU.ActiveCfg = Release|Any CPU
		{AFBB7B08-3634-406D-B751-33A3CE4BCBA8}.Release|Any CPU.Build.0 = Release|Any CPU
		{CD482215-C664-469D-893A-2A962A599F51}.Debug|Any CPU.ActiveCfg = Debug|Any CPU
		{CD482215-C664-469D-893A-2A962A599F51}.Debug|Any CPU.Build.0 = Debug|Any CPU
		{CD482215-C664-469D-893A-2A962A599F51}.Release|Any CPU.ActiveCfg = Release|Any CPU
		{CD482215-C664-469D-893A-2A962A599F51}.Release|Any CPU.Build.0 = Release|Any CPU
		{D9D70AE6-414F-429C-8E86-F1997A5EEE7F}.Debug|Any CPU.ActiveCfg = Debug|Any CPU
		{D9D70AE6-414F-429C-8E86-F1997A5EEE7F}.Debug|Any CPU.Build.0 = Debug|Any CPU
		{D9D70AE6-414F-429C-8E86-F1997A5EEE7F}.Release|Any CPU.ActiveCfg = Release|Any CPU
		{D9D70AE6-414F-429C-8E86-F1997A5EEE7F}.Release|Any CPU.Build.0 = Release|Any CPU
		{D4D2588A-44A0-4F56-A65A-FBC62EA6C1A7}.Debug|Any CPU.ActiveCfg = Debug|Any CPU
		{D4D2588A-44A0-4F56-A65A-FBC62EA6C1A7}.Debug|Any CPU.Build.0 = Debug|Any CPU
		{D4D2588A-44A0-4F56-A65A-FBC62EA6C1A7}.Release|Any CPU.ActiveCfg = Release|Any CPU
		{D4D2588A-44A0-4F56-A65A-FBC62EA6C1A7}.Release|Any CPU.Build.0 = Release|Any CPU
		{65842B99-81D8-4240-895E-EDA92457A1F4}.Debug|Any CPU.ActiveCfg = Debug|Any CPU
		{65842B99-81D8-4240-895E-EDA92457A1F4}.Debug|Any CPU.Build.0 = Debug|Any CPU
		{65842B99-81D8-4240-895E-EDA92457A1F4}.Release|Any CPU.ActiveCfg = Release|Any CPU
		{65842B99-81D8-4240-895E-EDA92457A1F4}.Release|Any CPU.Build.0 = Release|Any CPU
		{CFC243F0-F4E3-4754-8E21-8BA17E1C1788}.Debug|Any CPU.ActiveCfg = Debug|Any CPU
		{CFC243F0-F4E3-4754-8E21-8BA17E1C1788}.Debug|Any CPU.Build.0 = Debug|Any CPU
		{CFC243F0-F4E3-4754-8E21-8BA17E1C1788}.Release|Any CPU.ActiveCfg = Release|Any CPU
		{CFC243F0-F4E3-4754-8E21-8BA17E1C1788}.Release|Any CPU.Build.0 = Release|Any CPU
		{51D32A88-B8C1-4ED0-A3B5-6EC867598861}.Debug|Any CPU.ActiveCfg = Debug|Any CPU
		{51D32A88-B8C1-4ED0-A3B5-6EC867598861}.Debug|Any CPU.Build.0 = Debug|Any CPU
		{51D32A88-B8C1-4ED0-A3B5-6EC867598861}.Release|Any CPU.ActiveCfg = Release|Any CPU
		{51D32A88-B8C1-4ED0-A3B5-6EC867598861}.Release|Any CPU.Build.0 = Release|Any CPU
		{6322116A-6232-4AD3-BBAA-9F9144A01CF4}.Debug|Any CPU.ActiveCfg = Debug|Any CPU
		{6322116A-6232-4AD3-BBAA-9F9144A01CF4}.Debug|Any CPU.Build.0 = Debug|Any CPU
		{6322116A-6232-4AD3-BBAA-9F9144A01CF4}.Release|Any CPU.ActiveCfg = Release|Any CPU
		{6322116A-6232-4AD3-BBAA-9F9144A01CF4}.Release|Any CPU.Build.0 = Release|Any CPU
	EndGlobalSection
	GlobalSection(SolutionProperties) = preSolution
		HideSolutionNode = FALSE
	EndGlobalSection
	GlobalSection(NestedProjects) = preSolution
		{DDA183CA-FFCA-4F6E-8C05-59ABEEA1A6C7} = {DF3F54B7-4156-4EEF-AEA0-5A47088F2BF3}
		{A1C86F4B-8C2D-46C4-A8F2-67E9BE51B427} = {DF3F54B7-4156-4EEF-AEA0-5A47088F2BF3}
		{96896ECF-6A05-42DC-9256-196BB9063535} = {96980ABB-DEA6-4862-88E1-179CD40FEE26}
		{F977EC30-A6AA-4B54-A351-CA360B3429E8} = {96980ABB-DEA6-4862-88E1-179CD40FEE26}
		{AAA4C8CF-F984-4F0C-816E-59BB7F758B8C} = {30849FD3-5496-4759-B56E-0BD01EC627F3}
		{70D795DF-3D2D-4134-8007-97F2EBEB1D3E} = {30849FD3-5496-4759-B56E-0BD01EC627F3}
		{A24422C5-D6DB-4E67-91EF-2BCCFE4A8257} = {30849FD3-5496-4759-B56E-0BD01EC627F3}
		{97BB33F7-5F22-41BB-8BD6-F0CB884A1E6C} = {5B59CA0A-20FE-4E15-A590-3492C4F1C8FE}
		{AA4EF6D2-ADCC-470E-BA17-8CC69241FF2F} = {5B59CA0A-20FE-4E15-A590-3492C4F1C8FE}
		{EDE374C3-2600-460C-B852-8AA3956988BB} = {5B59CA0A-20FE-4E15-A590-3492C4F1C8FE}
		{6F0591A9-B218-49BB-B666-CE6D1FA8F990} = {5B59CA0A-20FE-4E15-A590-3492C4F1C8FE}
		{BCEA331B-7E27-4FAA-8312-A5093F83BABD} = {16C5D4EA-6ACE-4C61-96E0-8325B6C19FC6}
		{1D55CA8B-8118-4AB7-8E4A-801294E6A07E} = {16C5D4EA-6ACE-4C61-96E0-8325B6C19FC6}
		{10EC8C11-59A6-489E-838E-36D44F4C8DA1} = {16C5D4EA-6ACE-4C61-96E0-8325B6C19FC6}
		{AFBB7B08-3634-406D-B751-33A3CE4BCBA8} = {16C5D4EA-6ACE-4C61-96E0-8325B6C19FC6}
		{CD482215-C664-469D-893A-2A962A599F51} = {16C5D4EA-6ACE-4C61-96E0-8325B6C19FC6}
		{D9D70AE6-414F-429C-8E86-F1997A5EEE7F} = {16C5D4EA-6ACE-4C61-96E0-8325B6C19FC6}
		{65842B99-81D8-4240-895E-EDA92457A1F4} = {16C5D4EA-6ACE-4C61-96E0-8325B6C19FC6}
		{51D32A88-B8C1-4ED0-A3B5-6EC867598861} = {71A72118-71CA-4F27-BB8F-794D05172255}
		{6322116A-6232-4AD3-BBAA-9F9144A01CF4} = {71A72118-71CA-4F27-BB8F-794D05172255}
	EndGlobalSection
	GlobalSection(ExtensibilityGlobals) = postSolution
		SolutionGuid = {A8B12AF2-C34F-41C1-9701-178B4320A2D4}
	EndGlobalSection
EndGlobal
